
Microsoft Visual Studio Solution File, Format Version 12.00
# Visual Studio Version 16
VisualStudioVersion = 16.0.28922.388
MinimumVisualStudioVersion = 10.0.40219.1
Project("{FAE04EC0-301F-11D3-BF4B-00C04F79EFBC}") = "CreditSuisse", "CreditSuisse\CreditSuisse.csproj", "{D7D09C9D-A1DD-4996-992B-DE882406C78C}"
EndProject
Project("{FAE04EC0-301F-11D3-BF4B-00C04F79EFBC}") = "CreditSuisseTests", "CreditSuisseTests\CreditSuisseTests.csproj", "{D1CD886D-F925-4AD0-9ED3-FAD4A4CC50DF}"
EndProject
Global
	GlobalSection(SolutionConfigurationPlatforms) = preSolution
		Debug|Any CPU = Debug|Any CPU
		Release|Any CPU = Release|Any CPU
	EndGlobalSection
	GlobalSection(ProjectConfigurationPlatforms) = postSolution
		{D7D09C9D-A1DD-4996-992B-DE882406C78C}.Debug|Any CPU.ActiveCfg = Debug|Any CPU
		{D7D09C9D-A1DD-4996-992B-DE882406C78C}.Debug|Any CPU.Build.0 = Debug|Any CPU
		{D7D09C9D-A1DD-4996-992B-DE882406C78C}.Release|Any CPU.ActiveCfg = Release|Any CPU
		{D7D09C9D-A1DD-4996-992B-DE882406C78C}.Release|Any CPU.Build.0 = Release|Any CPU
		{D1CD886D-F925-4AD0-9ED3-FAD4A4CC50DF}.Debug|Any CPU.ActiveCfg = Debug|Any CPU
		{D1CD886D-F925-4AD0-9ED3-FAD4A4CC50DF}.Debug|Any CPU.Build.0 = Debug|Any CPU
		{D1CD886D-F925-4AD0-9ED3-FAD4A4CC50DF}.Release|Any CPU.ActiveCfg = Release|Any CPU
		{D1CD886D-F925-4AD0-9ED3-FAD4A4CC50DF}.Release|Any CPU.Build.0 = Release|Any CPU
	EndGlobalSection
	GlobalSection(SolutionProperties) = preSolution
		HideSolutionNode = FALSE
	EndGlobalSection
	GlobalSection(ExtensibilityGlobals) = postSolution
		SolutionGuid = {BFA18465-4EEA-41B8-94BB-8FB473A6D8CD}
	EndGlobalSection
EndGlobal
